
Microsoft Visual Studio Solution File, Format Version 12.00
# Visual Studio Version 17
VisualStudioVersion = 17.12.35707.178 d17.12
MinimumVisualStudioVersion = 10.0.40219.1
Project("{FAE04EC0-301F-11D3-BF4B-00C04F79EFBC}") = "L01_2022CP602_2022HZ651", "L01_2022CP602_2022HZ651\L01_2022CP602_2022HZ651.csproj", "{696C961F-2200-4283-BD99-83AEDB7D69B8}"
EndProject
Global
	GlobalSection(SolutionConfigurationPlatforms) = preSolution
		Debug|Any CPU = Debug|Any CPU
		Release|Any CPU = Release|Any CPU
	EndGlobalSection
	GlobalSection(ProjectConfigurationPlatforms) = postSolution
		{696C961F-2200-4283-BD99-83AEDB7D69B8}.Debug|Any CPU.ActiveCfg = Debug|Any CPU
		{696C961F-2200-4283-BD99-83AEDB7D69B8}.Debug|Any CPU.Build.0 = Debug|Any CPU
		{696C961F-2200-4283-BD99-83AEDB7D69B8}.Release|Any CPU.ActiveCfg = Release|Any CPU
		{696C961F-2200-4283-BD99-83AEDB7D69B8}.Release|Any CPU.Build.0 = Release|Any CPU
	EndGlobalSection
	GlobalSection(SolutionProperties) = preSolution
		HideSolutionNode = FALSE
	EndGlobalSection
EndGlobal
